
Microsoft Visual Studio Solution File, Format Version 12.00
# Visual Studio 15
VisualStudioVersion = 15.0.28307.705
MinimumVisualStudioVersion = 10.0.40219.1
Project("{FAE04EC0-301F-11D3-BF4B-00C04F79EFBC}") = "WebApplication2", "WebApplication2\WebApplication2.csproj", "{B5E10A4B-CB30-49E9-B4F2-04FE114BBF94}"
EndProject
Global
	GlobalSection(SolutionConfigurationPlatforms) = preSolution
		Debug|Any CPU = Debug|Any CPU
		Release|Any CPU = Release|Any CPU
	EndGlobalSection
	GlobalSection(ProjectConfigurationPlatforms) = postSolution
		{B5E10A4B-CB30-49E9-B4F2-04FE114BBF94}.Debug|Any CPU.ActiveCfg = Debug|Any CPU
		{B5E10A4B-CB30-49E9-B4F2-04FE114BBF94}.Debug|Any CPU.Build.0 = Debug|Any CPU
		{B5E10A4B-CB30-49E9-B4F2-04FE114BBF94}.Release|Any CPU.ActiveCfg = Release|Any CPU
		{B5E10A4B-CB30-49E9-B4F2-04FE114BBF94}.Release|Any CPU.Build.0 = Release|Any CPU
	EndGlobalSection
	GlobalSection(SolutionProperties) = preSolution
		HideSolutionNode = FALSE
	EndGlobalSection
	GlobalSection(ExtensibilityGlobals) = postSolution
		SolutionGuid = {F5CB2429-DC3A-4F6E-8AAC-5B47D9A19C27}
	EndGlobalSection
EndGlobal
